{
  "name": "backend-frontend",
  "version": "0.1.0",
  "lockfileVersion": 2,
  "requires": true,
  "packages": {
    "": {
      "name": "backend-frontend",
      "version": "0.1.0",
      "hasInstallScript": true,
      "dependencies": {
        "vue-typer": "^1.2.0"
      },
      "engines": {
        "node": "14.x",
        "npm": "6.x"
      }
    },
    "node_modules/lodash.split": {
      "version": "4.4.2",
      "resolved": "https://registry.npmjs.org/lodash.split/-/lodash.split-4.4.2.tgz",
      "integrity": "sha512-kn1IDX0aHfg0FsnPIyxCHTamZXt3YK3aExRH1LW8YhzP6+sCldTm8+E4aIg+nSmM6R4eqdWGrXWtfYI961bwIw=="
    },
    "node_modules/vue-typer": {
      "version": "1.2.0",
      "resolved": "https://registry.npmjs.org/vue-typer/-/vue-typer-1.2.0.tgz",
      "integrity": "sha512-o0n2F9yOnbdQak1OiPFbZonIzysL5jiS1OPgaEX0KnMlKqXRKi808QHRdoMuqw44oYQM/vtxCt3AaNb9OzKH1Q==",
      "dependencies": {
        "lodash.split": "^4.4.2"
      }
    }
  },
  "dependencies": {
    "lodash.split": {
      "version": "4.4.2",
      "resolved": "https://registry.npmjs.org/lodash.split/-/lodash.split-4.4.2.tgz",
      "integrity": "sha512-kn1IDX0aHfg0FsnPIyxCHTamZXt3YK3aExRH1LW8YhzP6+sCldTm8+E4aIg+nSmM6R4eqdWGrXWtfYI961bwIw=="
    },
    "vue-typer": {
      "version": "1.2.0",
      "resolved": "https://registry.npmjs.org/vue-typer/-/vue-typer-1.2.0.tgz",
      "integrity": "sha512-o0n2F9yOnbdQak1OiPFbZonIzysL5jiS1OPgaEX0KnMlKqXRKi808QHRdoMuqw44oYQM/vtxCt3AaNb9OzKH1Q==",
      "requires": {
        "lodash.split": "^4.4.2"
      }
    }
  }
}
